
Microsoft Visual Studio Solution File, Format Version 12.00
# Visual Studio Version 17
VisualStudioVersion = 17.10.35122.118
MinimumVisualStudioVersion = 10.0.40219.1
Project("{FAE04EC0-301F-11D3-BF4B-00C04F79EFBC}") = "M7", "M7.csproj", "{019F2AAA-F3D4-441F-8AEE-29C997765C04}"
EndProject
Global
	GlobalSection(SolutionConfigurationPlatforms) = preSolution
		Debug|Any CPU = Debug|Any CPU
		Release|Any CPU = Release|Any CPU
	EndGlobalSection
	GlobalSection(ProjectConfigurationPlatforms) = postSolution
		{019F2AAA-F3D4-441F-8AEE-29C997765C04}.Debug|Any CPU.ActiveCfg = Debug|Any CPU
		{019F2AAA-F3D4-441F-8AEE-29C997765C04}.Debug|Any CPU.Build.0 = Debug|Any CPU
		{019F2AAA-F3D4-441F-8AEE-29C997765C04}.Release|Any CPU.ActiveCfg = Release|Any CPU
		{019F2AAA-F3D4-441F-8AEE-29C997765C04}.Release|Any CPU.Build.0 = Release|Any CPU
	EndGlobalSection
	GlobalSection(SolutionProperties) = preSolution
		HideSolutionNode = FALSE
	EndGlobalSection
	GlobalSection(ExtensibilityGlobals) = postSolution
		SolutionGuid = {DBCE7A45-CAA3-485D-9630-CA6F1BC7215C}
	EndGlobalSection
EndGlobal
